
Microsoft Visual Studio Solution File, Format Version 12.00
# Visual Studio Version 17
VisualStudioVersion = 17.9.34321.82
MinimumVisualStudioVersion = 10.0.40219.1
Project("{FAE04EC0-301F-11D3-BF4B-00C04F79EFBC}") = "Portfolio", "Portfolio\Portfolio.csproj", "{77E3C87E-C55D-4E06-AFF1-CBF959E05539}"
EndProject
Global
	GlobalSection(SolutionConfigurationPlatforms) = preSolution
		Debug|Any CPU = Debug|Any CPU
		Release|Any CPU = Release|Any CPU
	EndGlobalSection
	GlobalSection(ProjectConfigurationPlatforms) = postSolution
		{77E3C87E-C55D-4E06-AFF1-CBF959E05539}.Debug|Any CPU.ActiveCfg = Debug|Any CPU
		{77E3C87E-C55D-4E06-AFF1-CBF959E05539}.Debug|Any CPU.Build.0 = Debug|Any CPU
		{77E3C87E-C55D-4E06-AFF1-CBF959E05539}.Release|Any CPU.ActiveCfg = Release|Any CPU
		{77E3C87E-C55D-4E06-AFF1-CBF959E05539}.Release|Any CPU.Build.0 = Release|Any CPU
	EndGlobalSection
	GlobalSection(SolutionProperties) = preSolution
		HideSolutionNode = FALSE
	EndGlobalSection
	GlobalSection(ExtensibilityGlobals) = postSolution
		SolutionGuid = {6AE869A4-988F-4E44-9A1C-66057DAFB4E1}
	EndGlobalSection
EndGlobal
